// !$*UTF8*$!
{
	archiveVersion = 1;
	classes = {
	};
	objectVersion = 50;
	objects = {

/* Begin PBXBuildFile section */
		A41416D92419AAF800830B6D /* AppDelegate.swift in Sources */ = {isa = PBXBuildFile; fileRef = A41416D82419AAF800830B6D /* AppDelegate.swift */; };
		A41416DB2419AAF800830B6D /* SceneDelegate.swift in Sources */ = {isa = PBXBuildFile; fileRef = A41416DA2419AAF800830B6D /* SceneDelegate.swift */; };
		A41416E32419AAF800830B6D /* GitApp.xcdatamodeld in Sources */ = {isa = PBXBuildFile; fileRef = A41416E12419AAF800830B6D /* GitApp.xcdatamodeld */; };
		A41416F32419AAF900830B6D /* GitAppTests.swift in Sources */ = {isa = PBXBuildFile; fileRef = A41416F22419AAF900830B6D /* GitAppTests.swift */; };
		A41416FE2419AAF900830B6D /* GitAppUITests.swift in Sources */ = {isa = PBXBuildFile; fileRef = A41416FD2419AAF900830B6D /* GitAppUITests.swift */; };
		A414170C2419AB2700830B6D /* LaunchScreen.storyboard in Resources */ = {isa = PBXBuildFile; fileRef = A414170B2419AB2700830B6D /* LaunchScreen.storyboard */; };
		A414170E2419AF9900830B6D /* SearchVC.swift in Sources */ = {isa = PBXBuildFile; fileRef = A414170D2419AF9900830B6D /* SearchVC.swift */; };
		A41417102419AF9F00830B6D /* FavoritesVC.swift in Sources */ = {isa = PBXBuildFile; fileRef = A414170F2419AF9F00830B6D /* FavoritesVC.swift */; };
		A41417122419B38900830B6D /* GAButton.swift in Sources */ = {isa = PBXBuildFile; fileRef = A41417112419B38900830B6D /* GAButton.swift */; };
		A41417142419B58600830B6D /* GATextField.swift in Sources */ = {isa = PBXBuildFile; fileRef = A41417132419B58600830B6D /* GATextField.swift */; };
		A41417162419B7EB00830B6D /* GAImageView.swift in Sources */ = {isa = PBXBuildFile; fileRef = A41417152419B7EB00830B6D /* GAImageView.swift */; };
		A41417182419C16C00830B6D /* FollowersListVC.swift in Sources */ = {isa = PBXBuildFile; fileRef = A41417172419C16C00830B6D /* FollowersListVC.swift */; };
		A414171A2419C7B400830B6D /* GATitleLabel.swift in Sources */ = {isa = PBXBuildFile; fileRef = A41417192419C7B400830B6D /* GATitleLabel.swift */; };
		A414171C2419C85F00830B6D /* GABodyLabel.swift in Sources */ = {isa = PBXBuildFile; fileRef = A414171B2419C85F00830B6D /* GABodyLabel.swift */; };
		A414171E2419C8D700830B6D /* GAAlertController.swift in Sources */ = {isa = PBXBuildFile; fileRef = A414171D2419C8D700830B6D /* GAAlertController.swift */; };
		A41417202419CA8600830B6D /* GAContainerView.swift in Sources */ = {isa = PBXBuildFile; fileRef = A414171F2419CA8600830B6D /* GAContainerView.swift */; };
		A41417222419CED100830B6D /* UIViewController+Alert.swift in Sources */ = {isa = PBXBuildFile; fileRef = A41417212419CED100830B6D /* UIViewController+Alert.swift */; };
		A469B15A2419D3C200C1D53A /* Assets.xcassets in Resources */ = {isa = PBXBuildFile; fileRef = A469B1592419D3C200C1D53A /* Assets.xcassets */; };
/* End PBXBuildFile section */

/* Begin PBXContainerItemProxy section */
		A41416EF2419AAF900830B6D /* PBXContainerItemProxy */ = {
			isa = PBXContainerItemProxy;
			containerPortal = A41416CD2419AAF800830B6D /* Project object */;
			proxyType = 1;
			remoteGlobalIDString = A41416D42419AAF800830B6D;
			remoteInfo = GitApp;
		};
		A41416FA2419AAF900830B6D /* PBXContainerItemProxy */ = {
			isa = PBXContainerItemProxy;
			containerPortal = A41416CD2419AAF800830B6D /* Project object */;
			proxyType = 1;
			remoteGlobalIDString = A41416D42419AAF800830B6D;
			remoteInfo = GitApp;
		};
/* End PBXContainerItemProxy section */

/* Begin PBXFileReference section */
		A41416D52419AAF800830B6D /* GitApp.app */ = {isa = PBXFileReference; explicitFileType = wrapper.application; includeInIndex = 0; path = GitApp.app; sourceTree = BUILT_PRODUCTS_DIR; };
		A41416D82419AAF800830B6D /* AppDelegate.swift */ = {isa = PBXFileReference; lastKnownFileType = sourcecode.swift; path = AppDelegate.swift; sourceTree = "<group>"; };
		A41416DA2419AAF800830B6D /* SceneDelegate.swift */ = {isa = PBXFileReference; lastKnownFileType = sourcecode.swift; path = SceneDelegate.swift; sourceTree = "<group>"; };
		A41416E22419AAF800830B6D /* GitApp.xcdatamodel */ = {isa = PBXFileReference; lastKnownFileType = wrapper.xcdatamodel; path = GitApp.xcdatamodel; sourceTree = "<group>"; };
		A41416E92419AAF900830B6D /* Info.plist */ = {isa = PBXFileReference; lastKnownFileType = text.plist.xml; path = Info.plist; sourceTree = "<group>"; };
		A41416EE2419AAF900830B6D /* GitAppTests.xctest */ = {isa = PBXFileReference; explicitFileType = wrapper.cfbundle; includeInIndex = 0; path = GitAppTests.xctest; sourceTree = BUILT_PRODUCTS_DIR; };
		A41416F22419AAF900830B6D /* GitAppTests.swift */ = {isa = PBXFileReference; lastKnownFileType = sourcecode.swift; path = GitAppTests.swift; sourceTree = "<group>"; };
		A41416F42419AAF900830B6D /* Info.plist */ = {isa = PBXFileReference; lastKnownFileType = text.plist.xml; path = Info.plist; sourceTree = "<group>"; };
		A41416F92419AAF900830B6D /* GitAppUITests.xctest */ = {isa = PBXFileReference; explicitFileType = wrapper.cfbundle; includeInIndex = 0; path = GitAppUITests.xctest; sourceTree = BUILT_PRODUCTS_DIR; };
		A41416FD2419AAF900830B6D /* GitAppUITests.swift */ = {isa = PBXFileReference; lastKnownFileType = sourcecode.swift; path = GitAppUITests.swift; sourceTree = "<group>"; };
		A41416FF2419AAF900830B6D /* Info.plist */ = {isa = PBXFileReference; lastKnownFileType = text.plist.xml; path = Info.plist; sourceTree = "<group>"; };
		A414170B2419AB2700830B6D /* LaunchScreen.storyboard */ = {isa = PBXFileReference; fileEncoding = 4; lastKnownFileType = file.storyboard; path = LaunchScreen.storyboard; sourceTree = "<group>"; };
		A414170D2419AF9900830B6D /* SearchVC.swift */ = {isa = PBXFileReference; lastKnownFileType = sourcecode.swift; path = SearchVC.swift; sourceTree = "<group>"; };
		A414170F2419AF9F00830B6D /* FavoritesVC.swift */ = {isa = PBXFileReference; lastKnownFileType = sourcecode.swift; path = FavoritesVC.swift; sourceTree = "<group>"; };
		A41417112419B38900830B6D /* GAButton.swift */ = {isa = PBXFileReference; lastKnownFileType = sourcecode.swift; path = GAButton.swift; sourceTree = "<group>"; };
		A41417132419B58600830B6D /* GATextField.swift */ = {isa = PBXFileReference; lastKnownFileType = sourcecode.swift; path = GATextField.swift; sourceTree = "<group>"; };
		A41417152419B7EB00830B6D /* GAImageView.swift */ = {isa = PBXFileReference; lastKnownFileType = sourcecode.swift; path = GAImageView.swift; sourceTree = "<group>"; };
		A41417172419C16C00830B6D /* FollowersListVC.swift */ = {isa = PBXFileReference; lastKnownFileType = sourcecode.swift; path = FollowersListVC.swift; sourceTree = "<group>"; };
		A41417192419C7B400830B6D /* GATitleLabel.swift */ = {isa = PBXFileReference; lastKnownFileType = sourcecode.swift; path = GATitleLabel.swift; sourceTree = "<group>"; };
		A414171B2419C85F00830B6D /* GABodyLabel.swift */ = {isa = PBXFileReference; lastKnownFileType = sourcecode.swift; path = GABodyLabel.swift; sourceTree = "<group>"; };
		A414171D2419C8D700830B6D /* GAAlertController.swift */ = {isa = PBXFileReference; lastKnownFileType = sourcecode.swift; path = GAAlertController.swift; sourceTree = "<group>"; };
		A414171F2419CA8600830B6D /* GAContainerView.swift */ = {isa = PBXFileReference; lastKnownFileType = sourcecode.swift; path = GAContainerView.swift; sourceTree = "<group>"; };
		A41417212419CED100830B6D /* UIViewController+Alert.swift */ = {isa = PBXFileReference; lastKnownFileType = sourcecode.swift; path = "UIViewController+Alert.swift"; sourceTree = "<group>"; };
		A469B1592419D3C200C1D53A /* Assets.xcassets */ = {isa = PBXFileReference; lastKnownFileType = folder.assetcatalog; path = Assets.xcassets; sourceTree = "<group>"; };
/* End PBXFileReference section */

/* Begin PBXFrameworksBuildPhase section */
		A41416D22419AAF800830B6D /* Frameworks */ = {
			isa = PBXFrameworksBuildPhase;
			buildActionMask = 2147483647;
			files = (
			);
			runOnlyForDeploymentPostprocessing = 0;
		};
		A41416EB2419AAF900830B6D /* Frameworks */ = {
			isa = PBXFrameworksBuildPhase;
			buildActionMask = 2147483647;
			files = (
			);
			runOnlyForDeploymentPostprocessing = 0;
		};
		A41416F62419AAF900830B6D /* Frameworks */ = {
			isa = PBXFrameworksBuildPhase;
			buildActionMask = 2147483647;
			files = (
			);
			runOnlyForDeploymentPostprocessing = 0;
		};
/* End PBXFrameworksBuildPhase section */

/* Begin PBXGroup section */
		A41416CC2419AAF800830B6D = {
			isa = PBXGroup;
			children = (
				A41416D72419AAF800830B6D /* GitApp */,
				A41416F12419AAF900830B6D /* GitAppTests */,
				A41416FC2419AAF900830B6D /* GitAppUITests */,
				A41416D62419AAF800830B6D /* Products */,
			);
			sourceTree = "<group>";
		};
		A41416D62419AAF800830B6D /* Products */ = {
			isa = PBXGroup;
			children = (
				A41416D52419AAF800830B6D /* GitApp.app */,
				A41416EE2419AAF900830B6D /* GitAppTests.xctest */,
				A41416F92419AAF900830B6D /* GitAppUITests.xctest */,
			);
			name = Products;
			sourceTree = "<group>";
		};
		A41416D72419AAF800830B6D /* GitApp */ = {
			isa = PBXGroup;
			children = (
				A41417272419D21E00830B6D /* Models */,
				A41417232419D17A00830B6D /* Views */,
				A41417252419D1BE00830B6D /* Controllers */,
				A41417262419D20700830B6D /* Components */,
				A41417242419D18A00830B6D /* Extensions */,
				A41417282419D23200830B6D /* Support */,
				A41417292419D25300830B6D /* Resources */,
			);
			path = GitApp;
			sourceTree = "<group>";
		};
		A41416F12419AAF900830B6D /* GitAppTests */ = {
			isa = PBXGroup;
			children = (
				A41416F22419AAF900830B6D /* GitAppTests.swift */,
				A41416F42419AAF900830B6D /* Info.plist */,
			);
			path = GitAppTests;
			sourceTree = "<group>";
		};
		A41416FC2419AAF900830B6D /* GitAppUITests */ = {
			isa = PBXGroup;
			children = (
				A41416FD2419AAF900830B6D /* GitAppUITests.swift */,
				A41416FF2419AAF900830B6D /* Info.plist */,
			);
			path = GitAppUITests;
			sourceTree = "<group>";
		};
		A41417232419D17A00830B6D /* Views */ = {
			isa = PBXGroup;
			children = (
				A41417112419B38900830B6D /* GAButton.swift */,
				A41417132419B58600830B6D /* GATextField.swift */,
				A41417152419B7EB00830B6D /* GAImageView.swift */,
				A41417192419C7B400830B6D /* GATitleLabel.swift */,
				A414171B2419C85F00830B6D /* GABodyLabel.swift */,
				A414171F2419CA8600830B6D /* GAContainerView.swift */,
			);
			path = Views;
			sourceTree = "<group>";
		};
		A41417242419D18A00830B6D /* Extensions */ = {
			isa = PBXGroup;
			children = (
				A41417212419CED100830B6D /* UIViewController+Alert.swift */,
			);
			path = Extensions;
			sourceTree = "<group>";
		};
		A41417252419D1BE00830B6D /* Controllers */ = {
			isa = PBXGroup;
			children = (
				A414170D2419AF9900830B6D /* SearchVC.swift */,
				A414170F2419AF9F00830B6D /* FavoritesVC.swift */,
				A41417172419C16C00830B6D /* FollowersListVC.swift */,
			);
			path = Controllers;
			sourceTree = "<group>";
		};
		A41417262419D20700830B6D /* Components */ = {
			isa = PBXGroup;
			children = (
				A414171D2419C8D700830B6D /* GAAlertController.swift */,
			);
			path = Components;
			sourceTree = "<group>";
		};
		A41417272419D21E00830B6D /* Models */ = {
			isa = PBXGroup;
			children = (
				A41416E12419AAF800830B6D /* GitApp.xcdatamodeld */,
			);
			path = Models;
			sourceTree = "<group>";
		};
		A41417282419D23200830B6D /* Support */ = {
			isa = PBXGroup;
			children = (
				A41416D82419AAF800830B6D /* AppDelegate.swift */,
				A41416DA2419AAF800830B6D /* SceneDelegate.swift */,
				A414170B2419AB2700830B6D /* LaunchScreen.storyboard */,
				A41416E92419AAF900830B6D /* Info.plist */,
			);
			path = Support;
			sourceTree = "<group>";
		};
		A41417292419D25300830B6D /* Resources */ = {
			isa = PBXGroup;
			children = (
				A469B1592419D3C200C1D53A /* Assets.xcassets */,
			);
			path = Resources;
			sourceTree = "<group>";
		};
/* End PBXGroup section */

/* Begin PBXNativeTarget section */
		A41416D42419AAF800830B6D /* GitApp */ = {
			isa = PBXNativeTarget;
			buildConfigurationList = A41417022419AAF900830B6D /* Build configuration list for PBXNativeTarget "GitApp" */;
			buildPhases = (
				A41416D12419AAF800830B6D /* Sources */,
				A41416D22419AAF800830B6D /* Frameworks */,
				A41416D32419AAF800830B6D /* Resources */,
			);
			buildRules = (
			);
			dependencies = (
			);
			name = GitApp;
			productName = GitApp;
			productReference = A41416D52419AAF800830B6D /* GitApp.app */;
			productType = "com.apple.product-type.application";
		};
		A41416ED2419AAF900830B6D /* GitAppTests */ = {
			isa = PBXNativeTarget;
			buildConfigurationList = A41417052419AAF900830B6D /* Build configuration list for PBXNativeTarget "GitAppTests" */;
			buildPhases = (
				A41416EA2419AAF900830B6D /* Sources */,
				A41416EB2419AAF900830B6D /* Frameworks */,
				A41416EC2419AAF900830B6D /* Resources */,
			);
			buildRules = (
			);
			dependencies = (
				A41416F02419AAF900830B6D /* PBXTargetDependency */,
			);
			name = GitAppTests;
			productName = GitAppTests;
			productReference = A41416EE2419AAF900830B6D /* GitAppTests.xctest */;
			productType = "com.apple.product-type.bundle.unit-test";
		};
		A41416F82419AAF900830B6D /* GitAppUITests */ = {
			isa = PBXNativeTarget;
			buildConfigurationList = A41417082419AAF900830B6D /* Build configuration list for PBXNativeTarget "GitAppUITests" */;
			buildPhases = (
				A41416F52419AAF900830B6D /* Sources */,
				A41416F62419AAF900830B6D /* Frameworks */,
				A41416F72419AAF900830B6D /* Resources */,
			);
			buildRules = (
			);
			dependencies = (
				A41416FB2419AAF900830B6D /* PBXTargetDependency */,
			);
			name = GitAppUITests;
			productName = GitAppUITests;
			productReference = A41416F92419AAF900830B6D /* GitAppUITests.xctest */;
			productType = "com.apple.product-type.bundle.ui-testing";
		};
/* End PBXNativeTarget section */

/* Begin PBXProject section */
		A41416CD2419AAF800830B6D /* Project object */ = {
			isa = PBXProject;
			attributes = {
				LastSwiftUpdateCheck = 1130;
				LastUpgradeCheck = 1130;
				ORGANIZATIONNAME = "Prudhvi Gadiraju";
				TargetAttributes = {
					A41416D42419AAF800830B6D = {
						CreatedOnToolsVersion = 11.3.1;
					};
					A41416ED2419AAF900830B6D = {
						CreatedOnToolsVersion = 11.3.1;
						TestTargetID = A41416D42419AAF800830B6D;
					};
					A41416F82419AAF900830B6D = {
						CreatedOnToolsVersion = 11.3.1;
						TestTargetID = A41416D42419AAF800830B6D;
					};
				};
			};
			buildConfigurationList = A41416D02419AAF800830B6D /* Build configuration list for PBXProject "GitApp" */;
			compatibilityVersion = "Xcode 9.3";
			developmentRegion = en;
			hasScannedForEncodings = 0;
			knownRegions = (
				en,
				Base,
			);
			mainGroup = A41416CC2419AAF800830B6D;
			productRefGroup = A41416D62419AAF800830B6D /* Products */;
			projectDirPath = "";
			projectRoot = "";
			targets = (
				A41416D42419AAF800830B6D /* GitApp */,
				A41416ED2419AAF900830B6D /* GitAppTests */,
				A41416F82419AAF900830B6D /* GitAppUITests */,
			);
		};
/* End PBXProject section */

/* Begin PBXResourcesBuildPhase section */
		A41416D32419AAF800830B6D /* Resources */ = {
			isa = PBXResourcesBuildPhase;
			buildActionMask = 2147483647;
			files = (
				A469B15A2419D3C200C1D53A /* Assets.xcassets in Resources */,
				A414170C2419AB2700830B6D /* LaunchScreen.storyboard in Resources */,
			);
			runOnlyForDeploymentPostprocessing = 0;
		};
		A41416EC2419AAF900830B6D /* Resources */ = {
			isa = PBXResourcesBuildPhase;
			buildActionMask = 2147483647;
			files = (
			);
			runOnlyForDeploymentPostprocessing = 0;
		};
		A41416F72419AAF900830B6D /* Resources */ = {
			isa = PBXResourcesBuildPhase;
			buildActionMask = 2147483647;
			files = (
			);
			runOnlyForDeploymentPostprocessing = 0;
		};
/* End PBXResourcesBuildPhase section */

/* Begin PBXSourcesBuildPhase section */
		A41416D12419AAF800830B6D /* Sources */ = {
			isa = PBXSourcesBuildPhase;
			buildActionMask = 2147483647;
			files = (
				A41417102419AF9F00830B6D /* FavoritesVC.swift in Sources */,
				A41417202419CA8600830B6D /* GAContainerView.swift in Sources */,
				A414170E2419AF9900830B6D /* SearchVC.swift in Sources */,
				A414171C2419C85F00830B6D /* GABodyLabel.swift in Sources */,
				A41417162419B7EB00830B6D /* GAImageView.swift in Sources */,
				A414171A2419C7B400830B6D /* GATitleLabel.swift in Sources */,
				A41416E32419AAF800830B6D /* GitApp.xcdatamodeld in Sources */,
				A41416D92419AAF800830B6D /* AppDelegate.swift in Sources */,
				A41417142419B58600830B6D /* GATextField.swift in Sources */,
				A41416DB2419AAF800830B6D /* SceneDelegate.swift in Sources */,
				A41417182419C16C00830B6D /* FollowersListVC.swift in Sources */,
				A414171E2419C8D700830B6D /* GAAlertController.swift in Sources */,
				A41417122419B38900830B6D /* GAButton.swift in Sources */,
				A41417222419CED100830B6D /* UIViewController+Alert.swift in Sources */,
			);
			runOnlyForDeploymentPostprocessing = 0;
		};
		A41416EA2419AAF900830B6D /* Sources */ = {
			isa = PBXSourcesBuildPhase;
			buildActionMask = 2147483647;
			files = (
				A41416F32419AAF900830B6D /* GitAppTests.swift in Sources */,
			);
			runOnlyForDeploymentPostprocessing = 0;
		};
		A41416F52419AAF900830B6D /* Sources */ = {
			isa = PBXSourcesBuildPhase;
			buildActionMask = 2147483647;
			files = (
				A41416FE2419AAF900830B6D /* GitAppUITests.swift in Sources */,
			);
			runOnlyForDeploymentPostprocessing = 0;
		};
/* End PBXSourcesBuildPhase section */

/* Begin PBXTargetDependency section */
		A41416F02419AAF900830B6D /* PBXTargetDependency */ = {
			isa = PBXTargetDependency;
			target = A41416D42419AAF800830B6D /* GitApp */;
			targetProxy = A41416EF2419AAF900830B6D /* PBXContainerItemProxy */;
		};
		A41416FB2419AAF900830B6D /* PBXTargetDependency */ = {
			isa = PBXTargetDependency;
			target = A41416D42419AAF800830B6D /* GitApp */;
			targetProxy = A41416FA2419AAF900830B6D /* PBXContainerItemProxy */;
		};
/* End PBXTargetDependency section */

/* Begin XCBuildConfiguration section */
		A41417002419AAF900830B6D /* Debug */ = {
			isa = XCBuildConfiguration;
			buildSettings = {
				ALWAYS_SEARCH_USER_PATHS = NO;
				CLANG_ANALYZER_NONNULL = YES;
				CLANG_ANALYZER_NUMBER_OBJECT_CONVERSION = YES_AGGRESSIVE;
				CLANG_CXX_LANGUAGE_STANDARD = "gnu++14";
				CLANG_CXX_LIBRARY = "libc++";
				CLANG_ENABLE_MODULES = YES;
				CLANG_ENABLE_OBJC_ARC = YES;
				CLANG_ENABLE_OBJC_WEAK = YES;
				CLANG_WARN_BLOCK_CAPTURE_AUTORELEASING = YES;
				CLANG_WARN_BOOL_CONVERSION = YES;
				CLANG_WARN_COMMA = YES;
				CLANG_WARN_CONSTANT_CONVERSION = YES;
				CLANG_WARN_DEPRECATED_OBJC_IMPLEMENTATIONS = YES;
				CLANG_WARN_DIRECT_OBJC_ISA_USAGE = YES_ERROR;
				CLANG_WARN_DOCUMENTATION_COMMENTS = YES;
				CLANG_WARN_EMPTY_BODY = YES;
				CLANG_WARN_ENUM_CONVERSION = YES;
				CLANG_WARN_INFINITE_RECURSION = YES;
				CLANG_WARN_INT_CONVERSION = YES;
				CLANG_WARN_NON_LITERAL_NULL_CONVERSION = YES;
				CLANG_WARN_OBJC_IMPLICIT_RETAIN_SELF = YES;
				CLANG_WARN_OBJC_LITERAL_CONVERSION = YES;
				CLANG_WARN_OBJC_ROOT_CLASS = YES_ERROR;
				CLANG_WARN_RANGE_LOOP_ANALYSIS = YES;
				CLANG_WARN_STRICT_PROTOTYPES = YES;
				CLANG_WARN_SUSPICIOUS_MOVE = YES;
				CLANG_WARN_UNGUARDED_AVAILABILITY = YES_AGGRESSIVE;
				CLANG_WARN_UNREACHABLE_CODE = YES;
				CLANG_WARN__DUPLICATE_METHOD_MATCH = YES;
				COPY_PHASE_STRIP = NO;
				DEBUG_INFORMATION_FORMAT = dwarf;
				ENABLE_STRICT_OBJC_MSGSEND = YES;
				ENABLE_TESTABILITY = YES;
				GCC_C_LANGUAGE_STANDARD = gnu11;
				GCC_DYNAMIC_NO_PIC = NO;
				GCC_NO_COMMON_BLOCKS = YES;
				GCC_OPTIMIZATION_LEVEL = 0;
				GCC_PREPROCESSOR_DEFINITIONS = (
					"DEBUG=1",
					"$(inherited)",
				);
				GCC_WARN_64_TO_32_BIT_CONVERSION = YES;
				GCC_WARN_ABOUT_RETURN_TYPE = YES_ERROR;
				GCC_WARN_UNDECLARED_SELECTOR = YES;
				GCC_WARN_UNINITIALIZED_AUTOS = YES_AGGRESSIVE;
				GCC_WARN_UNUSED_FUNCTION = YES;
				GCC_WARN_UNUSED_VARIABLE = YES;
				IPHONEOS_DEPLOYMENT_TARGET = 13.2;
				MTL_ENABLE_DEBUG_INFO = INCLUDE_SOURCE;
				MTL_FAST_MATH = YES;
				ONLY_ACTIVE_ARCH = YES;
				SDKROOT = iphoneos;
				SWIFT_ACTIVE_COMPILATION_CONDITIONS = DEBUG;
				SWIFT_OPTIMIZATION_LEVEL = "-Onone";
			};
			name = Debug;
		};
		A41417012419AAF900830B6D /* Release */ = {
			isa = XCBuildConfiguration;
			buildSettings = {
				ALWAYS_SEARCH_USER_PATHS = NO;
				CLANG_ANALYZER_NONNULL = YES;
				CLANG_ANALYZER_NUMBER_OBJECT_CONVERSION = YES_AGGRESSIVE;
				CLANG_CXX_LANGUAGE_STANDARD = "gnu++14";
				CLANG_CXX_LIBRARY = "libc++";
				CLANG_ENABLE_MODULES = YES;
				CLANG_ENABLE_OBJC_ARC = YES;
				CLANG_ENABLE_OBJC_WEAK = YES;
				CLANG_WARN_BLOCK_CAPTURE_AUTORELEASING = YES;
				CLANG_WARN_BOOL_CONVERSION = YES;
				CLANG_WARN_COMMA = YES;
				CLANG_WARN_CONSTANT_CONVERSION = YES;
				CLANG_WARN_DEPRECATED_OBJC_IMPLEMENTATIONS = YES;
				CLANG_WARN_DIRECT_OBJC_ISA_USAGE = YES_ERROR;
				CLANG_WARN_DOCUMENTATION_COMMENTS = YES;
				CLANG_WARN_EMPTY_BODY = YES;
				CLANG_WARN_ENUM_CONVERSION = YES;
				CLANG_WARN_INFINITE_RECURSION = YES;
				CLANG_WARN_INT_CONVERSION = YES;
				CLANG_WARN_NON_LITERAL_NULL_CONVERSION = YES;
				CLANG_WARN_OBJC_IMPLICIT_RETAIN_SELF = YES;
				CLANG_WARN_OBJC_LITERAL_CONVERSION = YES;
				CLANG_WARN_OBJC_ROOT_CLASS = YES_ERROR;
				CLANG_WARN_RANGE_LOOP_ANALYSIS = YES;
				CLANG_WARN_STRICT_PROTOTYPES = YES;
				CLANG_WARN_SUSPICIOUS_MOVE = YES;
				CLANG_WARN_UNGUARDED_AVAILABILITY = YES_AGGRESSIVE;
				CLANG_WARN_UNREACHABLE_CODE = YES;
				CLANG_WARN__DUPLICATE_METHOD_MATCH = YES;
				COPY_PHASE_STRIP = NO;
				DEBUG_INFORMATION_FORMAT = "dwarf-with-dsym";
				ENABLE_NS_ASSERTIONS = NO;
				ENABLE_STRICT_OBJC_MSGSEND = YES;
				GCC_C_LANGUAGE_STANDARD = gnu11;
				GCC_NO_COMMON_BLOCKS = YES;
				GCC_WARN_64_TO_32_BIT_CONVERSION = YES;
				GCC_WARN_ABOUT_RETURN_TYPE = YES_ERROR;
				GCC_WARN_UNDECLARED_SELECTOR = YES;
				GCC_WARN_UNINITIALIZED_AUTOS = YES_AGGRESSIVE;
				GCC_WARN_UNUSED_FUNCTION = YES;
				GCC_WARN_UNUSED_VARIABLE = YES;
				IPHONEOS_DEPLOYMENT_TARGET = 13.2;
				MTL_ENABLE_DEBUG_INFO = NO;
				MTL_FAST_MATH = YES;
				SDKROOT = iphoneos;
				SWIFT_COMPILATION_MODE = wholemodule;
				SWIFT_OPTIMIZATION_LEVEL = "-O";
				VALIDATE_PRODUCT = YES;
			};
			name = Release;
		};
		A41417032419AAF900830B6D /* Debug */ = {
			isa = XCBuildConfiguration;
			buildSettings = {
				ASSETCATALOG_COMPILER_APPICON_NAME = AppIcon;
				CODE_SIGN_STYLE = Automatic;
				DEVELOPMENT_TEAM = 4479HNAQMJ;
				INFOPLIST_FILE = "$(SRCROOT)/GitApp/Support/Info.plist";
				LD_RUNPATH_SEARCH_PATHS = (
					"$(inherited)",
					"@executable_path/Frameworks",
				);
				PRODUCT_BUNDLE_IDENTIFIER = me.prudhvi.GitApp;
				PRODUCT_NAME = "$(TARGET_NAME)";
				SWIFT_VERSION = 5.0;
				TARGETED_DEVICE_FAMILY = "1,2";
			};
			name = Debug;
		};
		A41417042419AAF900830B6D /* Release */ = {
			isa = XCBuildConfiguration;
			buildSettings = {
				ASSETCATALOG_COMPILER_APPICON_NAME = AppIcon;
				CODE_SIGN_STYLE = Automatic;
				DEVELOPMENT_TEAM = 4479HNAQMJ;
				INFOPLIST_FILE = "$(SRCROOT)/GitApp/Support/Info.plist";
				LD_RUNPATH_SEARCH_PATHS = (
					"$(inherited)",
					"@executable_path/Frameworks",
				);
				PRODUCT_BUNDLE_IDENTIFIER = me.prudhvi.GitApp;
				PRODUCT_NAME = "$(TARGET_NAME)";
				SWIFT_VERSION = 5.0;
				TARGETED_DEVICE_FAMILY = "1,2";
			};
			name = Release;
		};
		A41417062419AAF900830B6D /* Debug */ = {
			isa = XCBuildConfiguration;
			buildSettings = {
				ALWAYS_EMBED_SWIFT_STANDARD_LIBRARIES = YES;
				BUNDLE_LOADER = "$(TEST_HOST)";
				CODE_SIGN_STYLE = Automatic;
				DEVELOPMENT_TEAM = 4479HNAQMJ;
				INFOPLIST_FILE = GitAppTests/Info.plist;
				IPHONEOS_DEPLOYMENT_TARGET = 13.2;
				LD_RUNPATH_SEARCH_PATHS = (
					"$(inherited)",
					"@executable_path/Frameworks",
					"@loader_path/Frameworks",
				);
				PRODUCT_BUNDLE_IDENTIFIER = me.prudhvi.GitAppTests;
				PRODUCT_NAME = "$(TARGET_NAME)";
				SWIFT_VERSION = 5.0;
				TARGETED_DEVICE_FAMILY = "1,2";
				TEST_HOST = "$(BUILT_PRODUCTS_DIR)/GitApp.app/GitApp";
			};
			name = Debug;
		};
		A41417072419AAF900830B6D /* Release */ = {
			isa = XCBuildConfiguration;
			buildSettings = {
				ALWAYS_EMBED_SWIFT_STANDARD_LIBRARIES = YES;
				BUNDLE_LOADER = "$(TEST_HOST)";
				CODE_SIGN_STYLE = Automatic;
				DEVELOPMENT_TEAM = 4479HNAQMJ;
				INFOPLIST_FILE = GitAppTests/Info.plist;
				IPHONEOS_DEPLOYMENT_TARGET = 13.2;
				LD_RUNPATH_SEARCH_PATHS = (
					"$(inherited)",
					"@executable_path/Frameworks",
					"@loader_path/Frameworks",
				);
				PRODUCT_BUNDLE_IDENTIFIER = me.prudhvi.GitAppTests;
				PRODUCT_NAME = "$(TARGET_NAME)";
				SWIFT_VERSION = 5.0;
				TARGETED_DEVICE_FAMILY = "1,2";
				TEST_HOST = "$(BUILT_PRODUCTS_DIR)/GitApp.app/GitApp";
			};
			name = Release;
		};
		A41417092419AAF900830B6D /* Debug */ = {
			isa = XCBuildConfiguration;
			buildSettings = {
				ALWAYS_EMBED_SWIFT_STANDARD_LIBRARIES = YES;
				CODE_SIGN_STYLE = Automatic;
				DEVELOPMENT_TEAM = 4479HNAQMJ;
				INFOPLIST_FILE = GitAppUITests/Info.plist;
				LD_RUNPATH_SEARCH_PATHS = (
					"$(inherited)",
					"@executable_path/Frameworks",
					"@loader_path/Frameworks",
				);
				PRODUCT_BUNDLE_IDENTIFIER = me.prudhvi.GitAppUITests;
				PRODUCT_NAME = "$(TARGET_NAME)";
				SWIFT_VERSION = 5.0;
				TARGETED_DEVICE_FAMILY = "1,2";
				TEST_TARGET_NAME = GitApp;
			};
			name = Debug;
		};
		A414170A2419AAF900830B6D /* Release */ = {
			isa = XCBuildConfiguration;
			buildSettings = {
				ALWAYS_EMBED_SWIFT_STANDARD_LIBRARIES = YES;
				CODE_SIGN_STYLE = Automatic;
				DEVELOPMENT_TEAM = 4479HNAQMJ;
				INFOPLIST_FILE = GitAppUITests/Info.plist;
				LD_RUNPATH_SEARCH_PATHS = (
					"$(inherited)",
					"@executable_path/Frameworks",
					"@loader_path/Frameworks",
				);
				PRODUCT_BUNDLE_IDENTIFIER = me.prudhvi.GitAppUITests;
				PRODUCT_NAME = "$(TARGET_NAME)";
				SWIFT_VERSION = 5.0;
				TARGETED_DEVICE_FAMILY = "1,2";
				TEST_TARGET_NAME = GitApp;
			};
			name = Release;
		};
/* End XCBuildConfiguration section */

/* Begin XCConfigurationList section */
		A41416D02419AAF800830B6D /* Build configuration list for PBXProject "GitApp" */ = {
			isa = XCConfigurationList;
			buildConfigurations = (
				A41417002419AAF900830B6D /* Debug */,
				A41417012419AAF900830B6D /* Release */,
			);
			defaultConfigurationIsVisible = 0;
			defaultConfigurationName = Release;
		};
		A41417022419AAF900830B6D /* Build configuration list for PBXNativeTarget "GitApp" */ = {
			isa = XCConfigurationList;
			buildConfigurations = (
				A41417032419AAF900830B6D /* Debug */,
				A41417042419AAF900830B6D /* Release */,
			);
			defaultConfigurationIsVisible = 0;
			defaultConfigurationName = Release;
		};
		A41417052419AAF900830B6D /* Build configuration list for PBXNativeTarget "GitAppTests" */ = {
			isa = XCConfigurationList;
			buildConfigurations = (
				A41417062419AAF900830B6D /* Debug */,
				A41417072419AAF900830B6D /* Release */,
			);
			defaultConfigurationIsVisible = 0;
			defaultConfigurationName = Release;
		};
		A41417082419AAF900830B6D /* Build configuration list for PBXNativeTarget "GitAppUITests" */ = {
			isa = XCConfigurationList;
			buildConfigurations = (
				A41417092419AAF900830B6D /* Debug */,
				A414170A2419AAF900830B6D /* Release */,
			);
			defaultConfigurationIsVisible = 0;
			defaultConfigurationName = Release;
		};
/* End XCConfigurationList section */

/* Begin XCVersionGroup section */
		A41416E12419AAF800830B6D /* GitApp.xcdatamodeld */ = {
			isa = XCVersionGroup;
			children = (
				A41416E22419AAF800830B6D /* GitApp.xcdatamodel */,
			);
			currentVersion = A41416E22419AAF800830B6D /* GitApp.xcdatamodel */;
			path = GitApp.xcdatamodeld;
			sourceTree = "<group>";
			versionGroupType = wrapper.xcdatamodel;
		};
/* End XCVersionGroup section */
	};
	rootObject = A41416CD2419AAF800830B6D /* Project object */;
}
